
Microsoft Visual Studio Solution File, Format Version 12.00
# Visual Studio Version 17
VisualStudioVersion = 17.0.31903.59
MinimumVisualStudioVersion = 10.0.40219.1
Project("{2150E333-8FDC-42A3-9474-1A3956D46DE8}") = "src", "src", "{2A3B2D7F-1620-4755-86FD-B66007F7D43D}"
EndProject
Project("{FAE04EC0-301F-11D3-BF4B-00C04F79EFBC}") = "WinMcp.ModuleSdk", "src\ModuleSdk\WinMcp.ModuleSdk.csproj", "{D87DB7F3-AE13-4FAE-BB96-EBC0483D47A1}"
EndProject
Global
	GlobalSection(SolutionConfigurationPlatforms) = preSolution
		Debug|Any CPU = Debug|Any CPU
		Release|Any CPU = Release|Any CPU
	EndGlobalSection
	GlobalSection(SolutionProperties) = preSolution
		HideSolutionNode = FALSE
	EndGlobalSection
	GlobalSection(ProjectConfigurationPlatforms) = postSolution
		{D87DB7F3-AE13-4FAE-BB96-EBC0483D47A1}.Debug|Any CPU.ActiveCfg = Debug|Any CPU
		{D87DB7F3-AE13-4FAE-BB96-EBC0483D47A1}.Debug|Any CPU.Build.0 = Debug|Any CPU
		{D87DB7F3-AE13-4FAE-BB96-EBC0483D47A1}.Release|Any CPU.ActiveCfg = Release|Any CPU
		{D87DB7F3-AE13-4FAE-BB96-EBC0483D47A1}.Release|Any CPU.Build.0 = Release|Any CPU
	EndGlobalSection
	GlobalSection(NestedProjects) = preSolution
		{D87DB7F3-AE13-4FAE-BB96-EBC0483D47A1} = {2A3B2D7F-1620-4755-86FD-B66007F7D43D}
	EndGlobalSection
EndGlobal
